
Microsoft Visual Studio Solution File, Format Version 12.00
# Visual Studio Version 17
VisualStudioVersion = 17.10.35004.147
MinimumVisualStudioVersion = 10.0.40219.1
Project("{8BC9CEB8-8B4A-11D0-8D11-00A0C91BC942}") = "VanillaMultiMonitorFix", "VanillaMultiMonitorFix\VanillaMultiMonitorFix.vcxproj", "{AD8C89FF-3F3E-4797-AA13-4BA8F07E1F29}"
EndProject
Project("{8BC9CEB8-8B4A-11D0-8D11-00A0C91BC942}") = "ShowAllDisplayDevices", "ShowAllDisplayDevices\ShowAllDisplayDevices.vcxproj", "{D10CDB89-5E82-4E27-BB20-0798DDA306FB}"
EndProject
Global
	GlobalSection(SolutionConfigurationPlatforms) = preSolution
		Debug|x64 = Debug|x64
		Debug|x86 = Debug|x86
		Release|x64 = Release|x64
		Release|x86 = Release|x86
	EndGlobalSection
	GlobalSection(ProjectConfigurationPlatforms) = postSolution
		{AD8C89FF-3F3E-4797-AA13-4BA8F07E1F29}.Debug|x64.ActiveCfg = Debug|x64
		{AD8C89FF-3F3E-4797-AA13-4BA8F07E1F29}.Debug|x64.Build.0 = Debug|x64
		{AD8C89FF-3F3E-4797-AA13-4BA8F07E1F29}.Debug|x86.ActiveCfg = Debug|Win32
		{AD8C89FF-3F3E-4797-AA13-4BA8F07E1F29}.Debug|x86.Build.0 = Debug|Win32
		{AD8C89FF-3F3E-4797-AA13-4BA8F07E1F29}.Release|x64.ActiveCfg = Release|x64
		{AD8C89FF-3F3E-4797-AA13-4BA8F07E1F29}.Release|x64.Build.0 = Release|x64
		{AD8C89FF-3F3E-4797-AA13-4BA8F07E1F29}.Release|x86.ActiveCfg = Release|Win32
		{AD8C89FF-3F3E-4797-AA13-4BA8F07E1F29}.Release|x86.Build.0 = Release|Win32
		{D10CDB89-5E82-4E27-BB20-0798DDA306FB}.Debug|x64.ActiveCfg = Debug|x64
		{D10CDB89-5E82-4E27-BB20-0798DDA306FB}.Debug|x64.Build.0 = Debug|x64
		{D10CDB89-5E82-4E27-BB20-0798DDA306FB}.Debug|x86.ActiveCfg = Debug|Win32
		{D10CDB89-5E82-4E27-BB20-0798DDA306FB}.Debug|x86.Build.0 = Debug|Win32
		{D10CDB89-5E82-4E27-BB20-0798DDA306FB}.Release|x64.ActiveCfg = Release|x64
		{D10CDB89-5E82-4E27-BB20-0798DDA306FB}.Release|x64.Build.0 = Release|x64
		{D10CDB89-5E82-4E27-BB20-0798DDA306FB}.Release|x86.ActiveCfg = Release|Win32
		{D10CDB89-5E82-4E27-BB20-0798DDA306FB}.Release|x86.Build.0 = Release|Win32
	EndGlobalSection
	GlobalSection(SolutionProperties) = preSolution
		HideSolutionNode = FALSE
	EndGlobalSection
	GlobalSection(ExtensibilityGlobals) = postSolution
		SolutionGuid = {697F0AA2-00F9-4FD7-850B-036ADE4A45D4}
	EndGlobalSection
EndGlobal
